
Microsoft Visual Studio Solution File, Format Version 9.00
# Visual Studio 2005
Project("{8BC9CEB8-8B4A-11D0-8D11-00A0C91BC942}") = "Input", "Input\Input.vcproj", "{33FA3025-4977-466B-A665-FCF0EDF2C7E4}"
	ProjectSection(ProjectDependencies) = postProject
		{CBE47F8D-B2DB-4439-90DC-084AF086A9AA} = {CBE47F8D-B2DB-4439-90DC-084AF086A9AA}
	EndProjectSection
EndProject
Project("{8BC9CEB8-8B4A-11D0-8D11-00A0C91BC942}") = "Core", "Core\Core.vcproj", "{CBE47F8D-B2DB-4439-90DC-084AF086A9AA}"
	ProjectSection(ProjectDependencies) = postProject
		{AA75B895-9958-4D71-9419-D86946478CAA} = {AA75B895-9958-4D71-9419-D86946478CAA}
	EndProjectSection
EndProject
Project("{8BC9CEB8-8B4A-11D0-8D11-00A0C91BC942}") = "Landscape", "Landscape\Landscape.vcproj", "{CD0A5B11-8FD1-4C60-9038-A583A4C23414}"
	ProjectSection(ProjectDependencies) = postProject
		{CBE47F8D-B2DB-4439-90DC-084AF086A9AA} = {CBE47F8D-B2DB-4439-90DC-084AF086A9AA}
	EndProjectSection
EndProject
Project("{8BC9CEB8-8B4A-11D0-8D11-00A0C91BC942}") = "Application", "Application\Application.vcproj", "{DBD11E5B-2E62-44DA-9210-DF82C0B03185}"
	ProjectSection(ProjectDependencies) = postProject
		{33FA3025-4977-466B-A665-FCF0EDF2C7E4} = {33FA3025-4977-466B-A665-FCF0EDF2C7E4}
		{CBE47F8D-B2DB-4439-90DC-084AF086A9AA} = {CBE47F8D-B2DB-4439-90DC-084AF086A9AA}
		{9488B846-8068-4FBC-AEAE-4792EFE4DD17} = {9488B846-8068-4FBC-AEAE-4792EFE4DD17}
		{CD0A5B11-8FD1-4C60-9038-A583A4C23414} = {CD0A5B11-8FD1-4C60-9038-A583A4C23414}
	EndProjectSection
EndProject
Project("{8BC9CEB8-8B4A-11D0-8D11-00A0C91BC942}") = "Bastion", "Bastion\Bastion.vcproj", "{A16EF48D-8015-4947-97CC-8E94DC560469}"
	ProjectSection(ProjectDependencies) = postProject
		{33FA3025-4977-466B-A665-FCF0EDF2C7E4} = {33FA3025-4977-466B-A665-FCF0EDF2C7E4}
		{DBD11E5B-2E62-44DA-9210-DF82C0B03185} = {DBD11E5B-2E62-44DA-9210-DF82C0B03185}
	EndProjectSection
EndProject
Project("{8BC9CEB8-8B4A-11D0-8D11-00A0C91BC942}") = "Display", "Display\Display.vcproj", "{9488B846-8068-4FBC-AEAE-4792EFE4DD17}"
EndProject
Project("{8BC9CEB8-8B4A-11D0-8D11-00A0C91BC942}") = "LuaPlusLib", "LuaPlus\Src\LuaPlus\LuaPlusLib.vs2005.vcproj", "{AA75B895-9958-4D71-9419-D86946478CAA}"
EndProject
Project("{8BC9CEB8-8B4A-11D0-8D11-00A0C91BC942}") = "Pathfind", "Pathfind\Pathfind.vcproj", "{FFE36CEF-6AEA-4604-A6FF-926FA996428B}"
EndProject
Global
	GlobalSection(SolutionConfigurationPlatforms) = preSolution
		Debug|Win32 = Debug|Win32
		Release|Win32 = Release|Win32
	EndGlobalSection
	GlobalSection(ProjectConfigurationPlatforms) = postSolution
		{33FA3025-4977-466B-A665-FCF0EDF2C7E4}.Debug|Win32.ActiveCfg = Debug|Win32
		{33FA3025-4977-466B-A665-FCF0EDF2C7E4}.Debug|Win32.Build.0 = Debug|Win32
		{33FA3025-4977-466B-A665-FCF0EDF2C7E4}.Release|Win32.ActiveCfg = Release|Win32
		{33FA3025-4977-466B-A665-FCF0EDF2C7E4}.Release|Win32.Build.0 = Release|Win32
		{CBE47F8D-B2DB-4439-90DC-084AF086A9AA}.Debug|Win32.ActiveCfg = Debug|Win32
		{CBE47F8D-B2DB-4439-90DC-084AF086A9AA}.Debug|Win32.Build.0 = Debug|Win32
		{CBE47F8D-B2DB-4439-90DC-084AF086A9AA}.Release|Win32.ActiveCfg = Release|Win32
		{CBE47F8D-B2DB-4439-90DC-084AF086A9AA}.Release|Win32.Build.0 = Release|Win32
		{CD0A5B11-8FD1-4C60-9038-A583A4C23414}.Debug|Win32.ActiveCfg = Debug|Win32
		{CD0A5B11-8FD1-4C60-9038-A583A4C23414}.Debug|Win32.Build.0 = Debug|Win32
		{CD0A5B11-8FD1-4C60-9038-A583A4C23414}.Release|Win32.ActiveCfg = Release|Win32
		{CD0A5B11-8FD1-4C60-9038-A583A4C23414}.Release|Win32.Build.0 = Release|Win32
		{DBD11E5B-2E62-44DA-9210-DF82C0B03185}.Debug|Win32.ActiveCfg = Debug|Win32
		{DBD11E5B-2E62-44DA-9210-DF82C0B03185}.Debug|Win32.Build.0 = Debug|Win32
		{DBD11E5B-2E62-44DA-9210-DF82C0B03185}.Release|Win32.ActiveCfg = Release|Win32
		{DBD11E5B-2E62-44DA-9210-DF82C0B03185}.Release|Win32.Build.0 = Release|Win32
		{A16EF48D-8015-4947-97CC-8E94DC560469}.Debug|Win32.ActiveCfg = Debug|Win32
		{A16EF48D-8015-4947-97CC-8E94DC560469}.Debug|Win32.Build.0 = Debug|Win32
		{A16EF48D-8015-4947-97CC-8E94DC560469}.Release|Win32.ActiveCfg = Release|Win32
		{A16EF48D-8015-4947-97CC-8E94DC560469}.Release|Win32.Build.0 = Release|Win32
		{9488B846-8068-4FBC-AEAE-4792EFE4DD17}.Debug|Win32.ActiveCfg = Debug|Win32
		{9488B846-8068-4FBC-AEAE-4792EFE4DD17}.Debug|Win32.Build.0 = Debug|Win32
		{9488B846-8068-4FBC-AEAE-4792EFE4DD17}.Release|Win32.ActiveCfg = Release|Win32
		{9488B846-8068-4FBC-AEAE-4792EFE4DD17}.Release|Win32.Build.0 = Release|Win32
		{AA75B895-9958-4D71-9419-D86946478CAA}.Debug|Win32.ActiveCfg = Debug|Win32
		{AA75B895-9958-4D71-9419-D86946478CAA}.Debug|Win32.Build.0 = Debug|Win32
		{AA75B895-9958-4D71-9419-D86946478CAA}.Release|Win32.ActiveCfg = Release|Win32
		{AA75B895-9958-4D71-9419-D86946478CAA}.Release|Win32.Build.0 = Release|Win32
		{FFE36CEF-6AEA-4604-A6FF-926FA996428B}.Debug|Win32.ActiveCfg = Debug|Win32
		{FFE36CEF-6AEA-4604-A6FF-926FA996428B}.Debug|Win32.Build.0 = Debug|Win32
		{FFE36CEF-6AEA-4604-A6FF-926FA996428B}.Release|Win32.ActiveCfg = Release|Win32
		{FFE36CEF-6AEA-4604-A6FF-926FA996428B}.Release|Win32.Build.0 = Release|Win32
	EndGlobalSection
	GlobalSection(SolutionProperties) = preSolution
		HideSolutionNode = FALSE
	EndGlobalSection
EndGlobal
